
Microsoft Visual Studio Solution File, Format Version 12.00
# Visual Studio Version 17
VisualStudioVersion = 17.4.33213.308
MinimumVisualStudioVersion = 10.0.40219.1
Project("{FAE04EC0-301F-11D3-BF4B-00C04F79EFBC}") = "MyBlogApp", "MyBlogApp.csproj", "{1200A883-215D-4593-AEB2-B3D51698BF62}"
EndProject
Global
	GlobalSection(SolutionConfigurationPlatforms) = preSolution
		Debug|Any CPU = Debug|Any CPU
		Release|Any CPU = Release|Any CPU
	EndGlobalSection
	GlobalSection(ProjectConfigurationPlatforms) = postSolution
		{1200A883-215D-4593-AEB2-B3D51698BF62}.Debug|Any CPU.ActiveCfg = Debug|Any CPU
		{1200A883-215D-4593-AEB2-B3D51698BF62}.Debug|Any CPU.Build.0 = Debug|Any CPU
		{1200A883-215D-4593-AEB2-B3D51698BF62}.Release|Any CPU.ActiveCfg = Release|Any CPU
		{1200A883-215D-4593-AEB2-B3D51698BF62}.Release|Any CPU.Build.0 = Release|Any CPU
	EndGlobalSection
	GlobalSection(SolutionProperties) = preSolution
		HideSolutionNode = FALSE
	EndGlobalSection
	GlobalSection(ExtensibilityGlobals) = postSolution
		SolutionGuid = {F7645921-A64D-459A-B01D-8E43EE2A2AF7}
	EndGlobalSection
EndGlobal
